# This file is automatically @generated by Cargo.
# It is not intended for manual editing.
version = 4

[[package]]
name = "package-name"
version = "3.0.2"
dependencies = [
 "urlogger",
]

[[package]]
name = "urlogger"
version = "1.0.0"
source = "registry+https://github.com/rust-lang/crates.io-index"
checksum = "152240b51591b7142b70cfee7f7aa771ddad9fc191b160b44d2474ebc8589ad4"
